// !$*UTF8*$!
{
	archiveVersion = 1;
	classes = {
	};
	objectVersion = 77;
	objects = {

/* Begin PBXBuildFile section */
		GA000000000000000000B001 /* DockerKit in Frameworks */ = {isa = PBXBuildFile; productRef = GA000000000000000000P001 /* DockerKit */; };
		GA000000000000000000B002 /* SSHKit in Frameworks */ = {isa = PBXBuildFile; productRef = GA000000000000000000P002 /* SSHKit */; };
		GA000000000000000000B003 /* AppCore in Frameworks */ = {isa = PBXBuildFile; productRef = GA000000000000000000P003 /* AppCore */; };
		GA000000000000000000B004 /* SwiftTerm in Frameworks */ = {isa = PBXBuildFile; productRef = GA000000000000000000P004 /* SwiftTerm */; };
		GA000000000000000000B005 /* Sparkle in Frameworks */ = {isa = PBXBuildFile; productRef = GA000000000000000000P005 /* Sparkle */; };
/* End PBXBuildFile section */

/* Begin PBXFileReference section */
		GA000000000000000000F001 /* Gantry.app */ = {isa = PBXFileReference; explicitFileType = wrapper.application; includeInIndex = 0; path = Gantry.app; sourceTree = BUILT_PRODUCTS_DIR; };
		GA000000000000000000F002 /* GantryUITests.xctest */ = {isa = PBXFileReference; explicitFileType = wrapper.cfbundle; includeInIndex = 0; path = GantryUITests.xctest; sourceTree = BUILT_PRODUCTS_DIR; };
/* End PBXFileReference section */

/* Begin PBXFileSystemSynchronizedRootGroup section */
		GA000000000000000000G001 /* App */ = {
			isa = PBXFileSystemSynchronizedRootGroup;
			path = App;
			sourceTree = "<group>";
		};
		GA000000000000000000G002 /* GantryUITests */ = {
			isa = PBXFileSystemSynchronizedRootGroup;
			path = GantryUITests;
			sourceTree = "<group>";
		};
/* End PBXFileSystemSynchronizedRootGroup section */

/* Begin PBXFrameworksBuildPhase section */
		GA000000000000000000W002 /* Frameworks */ = {
			isa = PBXFrameworksBuildPhase;
			buildActionMask = 2147483647;
			files = (
				GA000000000000000000B001 /* DockerKit in Frameworks */,
				GA000000000000000000B002 /* SSHKit in Frameworks */,
				GA000000000000000000B003 /* AppCore in Frameworks */,
				GA000000000000000000B004 /* SwiftTerm in Frameworks */,
				GA000000000000000000B005 /* Sparkle in Frameworks */,
			);
			runOnlyForDeploymentPostprocessing = 0;
		};
/* End PBXFrameworksBuildPhase section */

/* Begin PBXGroup section */
		GA000000000000000000M001 = {
			isa = PBXGroup;
			children = (
				GA000000000000000000G001 /* App */,
				GA000000000000000000G002 /* GantryUITests */,
				GA000000000000000000R001 /* Products */,
			);
			sourceTree = "<group>";
		};
		GA000000000000000000R001 /* Products */ = {
			isa = PBXGroup;
			children = (
				GA000000000000000000F001 /* Gantry.app */,
				GA000000000000000000F002 /* GantryUITests.xctest */,
			);
			name = Products;
			sourceTree = "<group>";
		};
/* End PBXGroup section */

/* Begin PBXNativeTarget section */
		GA000000000000000000T001 /* Gantry */ = {
			isa = PBXNativeTarget;
			buildConfigurationList = GA000000000000000000C002 /* Build configuration list for PBXNativeTarget "Gantry" */;
			buildPhases = (
				GA000000000000000000W001 /* Sources */,
				GA000000000000000000W002 /* Frameworks */,
				GA000000000000000000W003 /* Resources */,
			);
			buildRules = (
			);
			dependencies = (
			);
			fileSystemSynchronizedGroups = (
				GA000000000000000000G001 /* App */,
			);
			name = Gantry;
			packageProductDependencies = (
				GA000000000000000000P001 /* DockerKit */,
				GA000000000000000000P002 /* SSHKit */,
				GA000000000000000000P003 /* AppCore */,
				GA000000000000000000P004 /* SwiftTerm */,
				GA000000000000000000P005 /* Sparkle */,
			);
			productName = Gantry;
			productReference = GA000000000000000000F001 /* Gantry.app */;
			productType = "com.apple.product-type.application";
		};
		GA000000000000000000T002 /* GantryUITests */ = {
			isa = PBXNativeTarget;
			buildConfigurationList = GA000000000000000000C003 /* Build configuration list for PBXNativeTarget "GantryUITests" */;
			buildPhases = (
				GA000000000000000000W004 /* Sources */,
			);
			buildRules = (
			);
			dependencies = (
				GA000000000000000000Y001 /* PBXTargetDependency */,
			);
			fileSystemSynchronizedGroups = (
				GA000000000000000000G002 /* GantryUITests */,
			);
			name = GantryUITests;
			packageProductDependencies = (
			);
			productName = GantryUITests;
			productReference = GA000000000000000000F002 /* GantryUITests.xctest */;
			productType = "com.apple.product-type.bundle.ui-testing";
		};
/* End PBXNativeTarget section */

/* Begin PBXContainerItemProxy section */
		GA000000000000000000X001 /* PBXContainerItemProxy */ = {
			isa = PBXContainerItemProxy;
			containerPortal = GA000000000000000000J001 /* Project object */;
			proxyType = 1;
			remoteGlobalIDString = GA000000000000000000T001;
			remoteInfo = Gantry;
		};
/* End PBXContainerItemProxy section */

/* Begin PBXProject section */
		GA000000000000000000J001 /* Project object */ = {
			isa = PBXProject;
			attributes = {
				BuildIndependentTargetsInParallel = 1;
				LastSwiftUpdateCheck = 2650;
				LastUpgradeCheck = 2650;
				TargetAttributes = {
					GA000000000000000000T001 = {
						CreatedOnToolsVersion = 26.5;
					};
					GA000000000000000000T002 = {
						CreatedOnToolsVersion = 26.5;
						TestTargetID = GA000000000000000000T001;
					};
				};
			};
			buildConfigurationList = GA000000000000000000C001 /* Build configuration list for PBXProject "Gantry" */;
			developmentRegion = en;
			hasScannedForEncodings = 0;
			knownRegions = (
				en,
				Base,
			);
			mainGroup = GA000000000000000000M001;
			minimizedProjectReferenceProxies = 1;
			packageReferences = (
				GA000000000000000000K001 /* XCLocalSwiftPackageReference "Packages/DockerKit" */,
				GA000000000000000000K002 /* XCLocalSwiftPackageReference "Packages/SSHKit" */,
				GA000000000000000000K003 /* XCLocalSwiftPackageReference "Packages/AppCore" */,
				GA000000000000000000K004 /* XCRemoteSwiftPackageReference "SwiftTerm" */,
				GA000000000000000000K005 /* XCRemoteSwiftPackageReference "Sparkle" */,
			);
			preferredProjectObjectVersion = 77;
			productRefGroup = GA000000000000000000R001 /* Products */;
			projectDirPath = "";
			projectRoot = "";
			targets = (
				GA000000000000000000T001 /* Gantry */,
				GA000000000000000000T002 /* GantryUITests */,
			);
		};
/* End PBXProject section */

/* Begin PBXResourcesBuildPhase section */
		GA000000000000000000W003 /* Resources */ = {
			isa = PBXResourcesBuildPhase;
			buildActionMask = 2147483647;
			files = (
			);
			runOnlyForDeploymentPostprocessing = 0;
		};
/* End PBXResourcesBuildPhase section */

/* Begin PBXSourcesBuildPhase section */
		GA000000000000000000W001 /* Sources */ = {
			isa = PBXSourcesBuildPhase;
			buildActionMask = 2147483647;
			files = (
			);
			runOnlyForDeploymentPostprocessing = 0;
		};
		GA000000000000000000W004 /* Sources */ = {
			isa = PBXSourcesBuildPhase;
			buildActionMask = 2147483647;
			files = (
			);
			runOnlyForDeploymentPostprocessing = 0;
		};
/* End PBXSourcesBuildPhase section */

/* Begin PBXTargetDependency section */
		GA000000000000000000Y001 /* PBXTargetDependency */ = {
			isa = PBXTargetDependency;
			target = GA000000000000000000T001 /* Gantry */;
			targetProxy = GA000000000000000000X001 /* PBXContainerItemProxy */;
		};
/* End PBXTargetDependency section */

/* Begin XCBuildConfiguration section */
		GA000000000000000000D001 /* Debug */ = {
			isa = XCBuildConfiguration;
			buildSettings = {
				ALWAYS_SEARCH_USER_PATHS = NO;
				ASSETCATALOG_COMPILER_GENERATE_SWIFT_ASSET_SYMBOL_EXTENSIONS = YES;
				CLANG_ANALYZER_NONNULL = YES;
				CLANG_ENABLE_MODULES = YES;
				CLANG_ENABLE_OBJC_ARC = YES;
				COPY_PHASE_STRIP = NO;
				DEBUG_INFORMATION_FORMAT = dwarf;
				ENABLE_STRICT_OBJC_MSGSEND = YES;
				ENABLE_TESTABILITY = YES;
				ENABLE_USER_SCRIPT_SANDBOXING = YES;
				GCC_C_LANGUAGE_STANDARD = gnu17;
				GCC_DYNAMIC_NO_PIC = NO;
				GCC_NO_COMMON_BLOCKS = YES;
				GCC_OPTIMIZATION_LEVEL = 0;
				GCC_PREPROCESSOR_DEFINITIONS = (
					"DEBUG=1",
					"$(inherited)",
				);
				LOCALIZATION_PREFERS_STRING_CATALOGS = YES;
				MACOSX_DEPLOYMENT_TARGET = 26.0;
				MTL_ENABLE_DEBUG_INFO = INCLUDE_SOURCE;
				MTL_FAST_MATH = YES;
				ONLY_ACTIVE_ARCH = YES;
				SDKROOT = macosx;
				SWIFT_ACTIVE_COMPILATION_CONDITIONS = "DEBUG $(inherited)";
				SWIFT_OPTIMIZATION_LEVEL = "-Onone";
				SWIFT_VERSION = 6.0;
			};
			name = Debug;
		};
		GA000000000000000000D002 /* Release */ = {
			isa = XCBuildConfiguration;
			buildSettings = {
				ALWAYS_SEARCH_USER_PATHS = NO;
				ASSETCATALOG_COMPILER_GENERATE_SWIFT_ASSET_SYMBOL_EXTENSIONS = YES;
				CLANG_ANALYZER_NONNULL = YES;
				CLANG_ENABLE_MODULES = YES;
				CLANG_ENABLE_OBJC_ARC = YES;
				COPY_PHASE_STRIP = NO;
				DEBUG_INFORMATION_FORMAT = "dwarf-with-dsym";
				ENABLE_NS_ASSERTIONS = NO;
				ENABLE_STRICT_OBJC_MSGSEND = YES;
				ENABLE_USER_SCRIPT_SANDBOXING = YES;
				GCC_C_LANGUAGE_STANDARD = gnu17;
				GCC_NO_COMMON_BLOCKS = YES;
				LOCALIZATION_PREFERS_STRING_CATALOGS = YES;
				MACOSX_DEPLOYMENT_TARGET = 26.0;
				MTL_ENABLE_DEBUG_INFO = NO;
				MTL_FAST_MATH = YES;
				SDKROOT = macosx;
				SWIFT_COMPILATION_MODE = wholemodule;
				SWIFT_VERSION = 6.0;
			};
			name = Release;
		};
		GA000000000000000000D003 /* Debug */ = {
			isa = XCBuildConfiguration;
			buildSettings = {
				ASSETCATALOG_COMPILER_APPICON_NAME = AppIcon;
				ASSETCATALOG_COMPILER_GLOBAL_ACCENT_COLOR_NAME = AccentColor;
				CODE_SIGN_IDENTITY = "-";
				CODE_SIGN_STYLE = Automatic;
				COMBINE_HIDPI_IMAGES = YES;
				CURRENT_PROJECT_VERSION = 40;
				ENABLE_HARDENED_RUNTIME = NO;
				ENABLE_PREVIEWS = YES;
				GENERATE_INFOPLIST_FILE = YES;
				INFOPLIST_FILE = Info.plist;
				INFOPLIST_KEY_LSApplicationCategoryType = "public.app-category.developer-tools";
				INFOPLIST_KEY_NSHumanReadableCopyright = "MIT License";
				LD_RUNPATH_SEARCH_PATHS = (
					"$(inherited)",
					"@executable_path/../Frameworks",
				);
				MARKETING_VERSION = 0.24.0;
				PRODUCT_BUNDLE_IDENTIFIER = com.andrewkomkov.Gantry;
				PRODUCT_NAME = "$(TARGET_NAME)";
				SWIFT_EMIT_LOC_STRINGS = YES;
			};
			name = Debug;
		};
		GA000000000000000000D004 /* Release */ = {
			isa = XCBuildConfiguration;
			buildSettings = {
				ASSETCATALOG_COMPILER_APPICON_NAME = AppIcon;
				ASSETCATALOG_COMPILER_GLOBAL_ACCENT_COLOR_NAME = AccentColor;
				CODE_SIGN_IDENTITY = "-";
				CODE_SIGN_STYLE = Automatic;
				COMBINE_HIDPI_IMAGES = YES;
				CURRENT_PROJECT_VERSION = 40;
				ENABLE_HARDENED_RUNTIME = NO;
				ENABLE_PREVIEWS = YES;
				GENERATE_INFOPLIST_FILE = YES;
				INFOPLIST_FILE = Info.plist;
				INFOPLIST_KEY_LSApplicationCategoryType = "public.app-category.developer-tools";
				INFOPLIST_KEY_NSHumanReadableCopyright = "MIT License";
				LD_RUNPATH_SEARCH_PATHS = (
					"$(inherited)",
					"@executable_path/../Frameworks",
				);
				MARKETING_VERSION = 0.24.0;
				PRODUCT_BUNDLE_IDENTIFIER = com.andrewkomkov.Gantry;
				PRODUCT_NAME = "$(TARGET_NAME)";
				SWIFT_EMIT_LOC_STRINGS = YES;
			};
			name = Release;
		};
		GA000000000000000000D005 /* Debug */ = {
			isa = XCBuildConfiguration;
			buildSettings = {
				CODE_SIGN_IDENTITY = "-";
				CODE_SIGN_STYLE = Automatic;
				GENERATE_INFOPLIST_FILE = YES;
				MACOSX_DEPLOYMENT_TARGET = 26.0;
				PRODUCT_BUNDLE_IDENTIFIER = com.andrewkomkov.GantryUITests;
				PRODUCT_NAME = "$(TARGET_NAME)";
				SWIFT_VERSION = 6.0;
				TEST_TARGET_NAME = Gantry;
			};
			name = Debug;
		};
		GA000000000000000000D006 /* Release */ = {
			isa = XCBuildConfiguration;
			buildSettings = {
				CODE_SIGN_IDENTITY = "-";
				CODE_SIGN_STYLE = Automatic;
				GENERATE_INFOPLIST_FILE = YES;
				MACOSX_DEPLOYMENT_TARGET = 26.0;
				PRODUCT_BUNDLE_IDENTIFIER = com.andrewkomkov.GantryUITests;
				PRODUCT_NAME = "$(TARGET_NAME)";
				SWIFT_VERSION = 6.0;
				TEST_TARGET_NAME = Gantry;
			};
			name = Release;
		};
/* End XCBuildConfiguration section */

/* Begin XCConfigurationList section */
		GA000000000000000000C001 /* Build configuration list for PBXProject "Gantry" */ = {
			isa = XCConfigurationList;
			buildConfigurations = (
				GA000000000000000000D001 /* Debug */,
				GA000000000000000000D002 /* Release */,
			);
			defaultConfigurationIsVisible = 0;
			defaultConfigurationName = Release;
		};
		GA000000000000000000C002 /* Build configuration list for PBXNativeTarget "Gantry" */ = {
			isa = XCConfigurationList;
			buildConfigurations = (
				GA000000000000000000D003 /* Debug */,
				GA000000000000000000D004 /* Release */,
			);
			defaultConfigurationIsVisible = 0;
			defaultConfigurationName = Release;
		};
		GA000000000000000000C003 /* Build configuration list for PBXNativeTarget "GantryUITests" */ = {
			isa = XCConfigurationList;
			buildConfigurations = (
				GA000000000000000000D005 /* Debug */,
				GA000000000000000000D006 /* Release */,
			);
			defaultConfigurationIsVisible = 0;
			defaultConfigurationName = Release;
		};
/* End XCConfigurationList section */

/* Begin XCLocalSwiftPackageReference section */
		GA000000000000000000K001 /* XCLocalSwiftPackageReference "Packages/DockerKit" */ = {
			isa = XCLocalSwiftPackageReference;
			relativePath = Packages/DockerKit;
		};
		GA000000000000000000K002 /* XCLocalSwiftPackageReference "Packages/SSHKit" */ = {
			isa = XCLocalSwiftPackageReference;
			relativePath = Packages/SSHKit;
		};
		GA000000000000000000K003 /* XCLocalSwiftPackageReference "Packages/AppCore" */ = {
			isa = XCLocalSwiftPackageReference;
			relativePath = Packages/AppCore;
		};
/* End XCLocalSwiftPackageReference section */

/* Begin XCRemoteSwiftPackageReference section */
		GA000000000000000000K004 /* XCRemoteSwiftPackageReference "SwiftTerm" */ = {
			isa = XCRemoteSwiftPackageReference;
			repositoryURL = "https://github.com/migueldeicaza/SwiftTerm.git";
			requirement = {
				kind = upToNextMajorVersion;
				minimumVersion = 1.13.0;
			};
		};
		GA000000000000000000K005 /* XCRemoteSwiftPackageReference "Sparkle" */ = {
			isa = XCRemoteSwiftPackageReference;
			repositoryURL = "https://github.com/sparkle-project/Sparkle.git";
			requirement = {
				kind = upToNextMajorVersion;
				minimumVersion = 2.6.0;
			};
		};
/* End XCRemoteSwiftPackageReference section */

/* Begin XCSwiftPackageProductDependency section */
		GA000000000000000000P001 /* DockerKit */ = {
			isa = XCSwiftPackageProductDependency;
			productName = DockerKit;
		};
		GA000000000000000000P002 /* SSHKit */ = {
			isa = XCSwiftPackageProductDependency;
			productName = SSHKit;
		};
		GA000000000000000000P003 /* AppCore */ = {
			isa = XCSwiftPackageProductDependency;
			productName = AppCore;
		};
		GA000000000000000000P004 /* SwiftTerm */ = {
			isa = XCSwiftPackageProductDependency;
			package = GA000000000000000000K004 /* XCRemoteSwiftPackageReference "SwiftTerm" */;
			productName = SwiftTerm;
		};
		GA000000000000000000P005 /* Sparkle */ = {
			isa = XCSwiftPackageProductDependency;
			package = GA000000000000000000K005 /* XCRemoteSwiftPackageReference "Sparkle" */;
			productName = Sparkle;
		};
/* End XCSwiftPackageProductDependency section */
	};
	rootObject = GA000000000000000000J001 /* Project object */;
}
